{
  "name": "create_program",
  "version": "1.0.0",
  "lockfileVersion": 2,
  "requires": true,
  "packages": {
    "": {
      "name": "create_program",
      "version": "1.0.0",
      "license": "ISC",
      "dependencies": {
        "@envuse/wasm": "file:../../.."
      }
    },
    "../../..": {
      "name": "@envuse/wasm",
      "version": "1.0.3",
      "license": "MIT",
      "devDependencies": {
        "@wasm-tool/rollup-plugin-rust": "^2.3.3",
        "chalk": "^5.2.0",
        "rollup": "^3.7.5",
        "rollup-plugin-ts": "^3.0.2",
        "typescript": "^4.9.4",
        "vitest": "^0.26.2"
      }
    },
    "node_modules/@envuse/wasm": {
      "resolved": "../../..",
      "link": true
    }
  },
  "dependencies": {
    "@envuse/wasm": {
      "version": "file:../../..",
      "requires": {
        "@wasm-tool/rollup-plugin-rust": "^2.3.3",
        "chalk": "^5.2.0",
        "rollup": "^3.7.5",
        "rollup-plugin-ts": "^3.0.2",
        "typescript": "^4.9.4",
        "vitest": "^0.26.2"
      }
    }
  }
}
